
Microsoft Visual Studio Solution File, Format Version 12.00
# Visual Studio Version 17
VisualStudioVersion = 17.10.35004.147
MinimumVisualStudioVersion = 10.0.40219.1
Project("{FAE04EC0-301F-11D3-BF4B-00C04F79EFBC}") = "Service04009", "Service04009\Service04009.csproj", "{2DB3A61E-5F63-4AD1-8979-2761E8213DE1}"
EndProject
Global
	GlobalSection(SolutionConfigurationPlatforms) = preSolution
		Debug|Any CPU = Debug|Any CPU
		Release|Any CPU = Release|Any CPU
	EndGlobalSection
	GlobalSection(ProjectConfigurationPlatforms) = postSolution
		{2DB3A61E-5F63-4AD1-8979-2761E8213DE1}.Debug|Any CPU.ActiveCfg = Debug|Any CPU
		{2DB3A61E-5F63-4AD1-8979-2761E8213DE1}.Debug|Any CPU.Build.0 = Debug|Any CPU
		{2DB3A61E-5F63-4AD1-8979-2761E8213DE1}.Release|Any CPU.ActiveCfg = Release|Any CPU
		{2DB3A61E-5F63-4AD1-8979-2761E8213DE1}.Release|Any CPU.Build.0 = Release|Any CPU
	EndGlobalSection
	GlobalSection(SolutionProperties) = preSolution
		HideSolutionNode = FALSE
	EndGlobalSection
	GlobalSection(ExtensibilityGlobals) = postSolution
		SolutionGuid = {3C4A497A-4096-4E68-92C4-FA4F5E7724C9}
	EndGlobalSection
EndGlobal
